
Microsoft Visual Studio Solution File, Format Version 12.00
# Visual Studio Version 16
VisualStudioVersion = 16.0.29230.47
MinimumVisualStudioVersion = 10.0.40219.1
Project("{9A19103F-16F7-4668-BE54-9A1E7A4F7556}") = "Raidillon.Client", "Raidillon.Client\Raidillon.Client.csproj", "{FA922541-B816-47DC-AA6E-D1FE2ABB039C}"
EndProject
Project("{FAE04EC0-301F-11D3-BF4B-00C04F79EFBC}") = "Raidillon.Test", "Raidillon.Test\Raidillon.Test.csproj", "{55E7ED5E-ED34-4DA7-A9E4-F8DB097D947B}"
EndProject
Project("{FAE04EC0-301F-11D3-BF4B-00C04F79EFBC}") = "Raidillon.Client.F12019", "Raidillon.Client.F12019\Raidillon.Client.F12019.csproj", "{CF3F58D5-6B43-40E7-AF31-72BA87B01E84}"
EndProject
Project("{FAE04EC0-301F-11D3-BF4B-00C04F79EFBC}") = "Client.Example", "Raidillon.Client.Example\Client.Example.csproj", "{C2638488-DB2D-4B07-A2FB-3F260C9C7D37}"
EndProject
Global
	GlobalSection(SolutionConfigurationPlatforms) = preSolution
		Debug|Any CPU = Debug|Any CPU
		Release|Any CPU = Release|Any CPU
	EndGlobalSection
	GlobalSection(ProjectConfigurationPlatforms) = postSolution
		{FA922541-B816-47DC-AA6E-D1FE2ABB039C}.Debug|Any CPU.ActiveCfg = Debug|Any CPU
		{FA922541-B816-47DC-AA6E-D1FE2ABB039C}.Debug|Any CPU.Build.0 = Debug|Any CPU
		{FA922541-B816-47DC-AA6E-D1FE2ABB039C}.Release|Any CPU.ActiveCfg = Release|Any CPU
		{FA922541-B816-47DC-AA6E-D1FE2ABB039C}.Release|Any CPU.Build.0 = Release|Any CPU
		{55E7ED5E-ED34-4DA7-A9E4-F8DB097D947B}.Debug|Any CPU.ActiveCfg = Debug|Any CPU
		{55E7ED5E-ED34-4DA7-A9E4-F8DB097D947B}.Debug|Any CPU.Build.0 = Debug|Any CPU
		{55E7ED5E-ED34-4DA7-A9E4-F8DB097D947B}.Release|Any CPU.ActiveCfg = Release|Any CPU
		{55E7ED5E-ED34-4DA7-A9E4-F8DB097D947B}.Release|Any CPU.Build.0 = Release|Any CPU
		{CF3F58D5-6B43-40E7-AF31-72BA87B01E84}.Debug|Any CPU.ActiveCfg = Debug|Any CPU
		{CF3F58D5-6B43-40E7-AF31-72BA87B01E84}.Debug|Any CPU.Build.0 = Debug|Any CPU
		{CF3F58D5-6B43-40E7-AF31-72BA87B01E84}.Release|Any CPU.ActiveCfg = Release|Any CPU
		{CF3F58D5-6B43-40E7-AF31-72BA87B01E84}.Release|Any CPU.Build.0 = Release|Any CPU
		{C2638488-DB2D-4B07-A2FB-3F260C9C7D37}.Debug|Any CPU.ActiveCfg = Debug|Any CPU
		{C2638488-DB2D-4B07-A2FB-3F260C9C7D37}.Debug|Any CPU.Build.0 = Debug|Any CPU
		{C2638488-DB2D-4B07-A2FB-3F260C9C7D37}.Release|Any CPU.ActiveCfg = Release|Any CPU
		{C2638488-DB2D-4B07-A2FB-3F260C9C7D37}.Release|Any CPU.Build.0 = Release|Any CPU
	EndGlobalSection
	GlobalSection(SolutionProperties) = preSolution
		HideSolutionNode = FALSE
	EndGlobalSection
	GlobalSection(ExtensibilityGlobals) = postSolution
		SolutionGuid = {F2231CEF-6300-4405-92BA-A7EB86A9B452}
	EndGlobalSection
EndGlobal
